
Microsoft Visual Studio Solution File, Format Version 12.00
# Visual Studio Version 17
VisualStudioVersion = 17.2.32210.308
MinimumVisualStudioVersion = 10.0.40219.1
Project("{FAE04EC0-301F-11D3-BF4B-00C04F79EFBC}") = "Kruh", "Kruh\Kruh.csproj", "{226390A8-A96C-46E7-BB6A-D77402CAE24A}"
EndProject
Global
	GlobalSection(SolutionConfigurationPlatforms) = preSolution
		Debug|Any CPU = Debug|Any CPU
		Release|Any CPU = Release|Any CPU
	EndGlobalSection
	GlobalSection(ProjectConfigurationPlatforms) = postSolution
		{226390A8-A96C-46E7-BB6A-D77402CAE24A}.Debug|Any CPU.ActiveCfg = Debug|Any CPU
		{226390A8-A96C-46E7-BB6A-D77402CAE24A}.Debug|Any CPU.Build.0 = Debug|Any CPU
		{226390A8-A96C-46E7-BB6A-D77402CAE24A}.Release|Any CPU.ActiveCfg = Release|Any CPU
		{226390A8-A96C-46E7-BB6A-D77402CAE24A}.Release|Any CPU.Build.0 = Release|Any CPU
	EndGlobalSection
	GlobalSection(SolutionProperties) = preSolution
		HideSolutionNode = FALSE
	EndGlobalSection
	GlobalSection(ExtensibilityGlobals) = postSolution
		SolutionGuid = {C2686BB0-B77A-4DBA-9803-007CD1F78B8E}
	EndGlobalSection
EndGlobal
